<Solution>
  <Project Path="BE_23DB/BE_23DB.csproj" Id="d16f6926-ef28-4061-8242-e46374092f75" />
  <Project Path="BLL_23DB/BLL_23DB.csproj" Id="5e1d3a60-e9af-4e91-ab18-c2fddcf87e34" />
  <Project Path="DAL_23DB/DAL_23DB.csproj" Id="7e3a8c2b-ec05-4f9d-b413-f3f6a6c9955f" />
  <Project Path="Mapper_23DB/Mapper_23DB.csproj" Id="cfcaec7e-9a03-4013-976c-aa4a7071f6cf" />
  <Project Path="GUI_23DB/GUI_23DB.csproj" Id="ef4e27be-5ade-420a-86a3-35e1852bbcf4" />
  <Project Path="Services_23DB/Services_23DB.csproj" Id="8c3b7e21-469f-491a-b050-15825fcf308b" />
</Solution>
